
Microsoft Visual Studio Solution File, Format Version 12.00
# Visual Studio Version 16
VisualStudioVersion = 16.0.31624.102
MinimumVisualStudioVersion = 10.0.40219.1
Project("{FAE04EC0-301F-11D3-BF4B-00C04F79EFBC}") = "u2-aspnetcore-mvc", "u2-aspnetcore-mvc\u2-aspnetcore-mvc.csproj", "{56ACE542-149D-4C02-BBFA-3E5B6F40CAB9}"
EndProject
Global
	GlobalSection(SolutionConfigurationPlatforms) = preSolution
		Debug|Any CPU = Debug|Any CPU
		Release|Any CPU = Release|Any CPU
	EndGlobalSection
	GlobalSection(ProjectConfigurationPlatforms) = postSolution
		{56ACE542-149D-4C02-BBFA-3E5B6F40CAB9}.Debug|Any CPU.ActiveCfg = Debug|Any CPU
		{56ACE542-149D-4C02-BBFA-3E5B6F40CAB9}.Debug|Any CPU.Build.0 = Debug|Any CPU
		{56ACE542-149D-4C02-BBFA-3E5B6F40CAB9}.Release|Any CPU.ActiveCfg = Release|Any CPU
		{56ACE542-149D-4C02-BBFA-3E5B6F40CAB9}.Release|Any CPU.Build.0 = Release|Any CPU
	EndGlobalSection
	GlobalSection(SolutionProperties) = preSolution
		HideSolutionNode = FALSE
	EndGlobalSection
	GlobalSection(ExtensibilityGlobals) = postSolution
		SolutionGuid = {0D1A862D-6B45-4F2D-B74A-36D475E953A1}
	EndGlobalSection
EndGlobal
